
Microsoft Visual Studio Solution File, Format Version 12.00
# Visual Studio Version 17
VisualStudioVersion = 17.7.34302.85
MinimumVisualStudioVersion = 10.0.40219.1
Project("{8BC9CEB8-8B4A-11D0-8D11-00A0C91BC942}") = "main", "main\main.vcxproj", "{F1663657-337F-4F59-BB21-FDF96016122F}"
	ProjectSection(ProjectDependencies) = postProject
		{F5323CDD-CCCA-493B-B3F8-A24349B116ED} = {F5323CDD-CCCA-493B-B3F8-A24349B116ED}
	EndProjectSection
EndProject
Project("{8BC9CEB8-8B4A-11D0-8D11-00A0C91BC942}") = "stb_image", "stb_image\stb_image.vcxproj", "{F5323CDD-CCCA-493B-B3F8-A24349B116ED}"
EndProject
Global
	GlobalSection(SolutionConfigurationPlatforms) = preSolution
		Debug|x64 = Debug|x64
		Debug|x86 = Debug|x86
		Release|x64 = Release|x64
		Release|x86 = Release|x86
	EndGlobalSection
	GlobalSection(ProjectConfigurationPlatforms) = postSolution
		{F1663657-337F-4F59-BB21-FDF96016122F}.Debug|x64.ActiveCfg = Debug|x64
		{F1663657-337F-4F59-BB21-FDF96016122F}.Debug|x64.Build.0 = Debug|x64
		{F1663657-337F-4F59-BB21-FDF96016122F}.Debug|x86.ActiveCfg = Debug|Win32
		{F1663657-337F-4F59-BB21-FDF96016122F}.Debug|x86.Build.0 = Debug|Win32
		{F1663657-337F-4F59-BB21-FDF96016122F}.Release|x64.ActiveCfg = Release|x64
		{F1663657-337F-4F59-BB21-FDF96016122F}.Release|x64.Build.0 = Release|x64
		{F1663657-337F-4F59-BB21-FDF96016122F}.Release|x86.ActiveCfg = Release|Win32
		{F1663657-337F-4F59-BB21-FDF96016122F}.Release|x86.Build.0 = Release|Win32
		{F5323CDD-CCCA-493B-B3F8-A24349B116ED}.Debug|x64.ActiveCfg = Debug|x64
		{F5323CDD-CCCA-493B-B3F8-A24349B116ED}.Debug|x64.Build.0 = Debug|x64
		{F5323CDD-CCCA-493B-B3F8-A24349B116ED}.Debug|x86.ActiveCfg = Debug|Win32
		{F5323CDD-CCCA-493B-B3F8-A24349B116ED}.Debug|x86.Build.0 = Debug|Win32
		{F5323CDD-CCCA-493B-B3F8-A24349B116ED}.Release|x64.ActiveCfg = Release|x64
		{F5323CDD-CCCA-493B-B3F8-A24349B116ED}.Release|x64.Build.0 = Release|x64
		{F5323CDD-CCCA-493B-B3F8-A24349B116ED}.Release|x86.ActiveCfg = Release|Win32
		{F5323CDD-CCCA-493B-B3F8-A24349B116ED}.Release|x86.Build.0 = Release|Win32
	EndGlobalSection
	GlobalSection(SolutionProperties) = preSolution
		HideSolutionNode = FALSE
	EndGlobalSection
	GlobalSection(ExtensibilityGlobals) = postSolution
		SolutionGuid = {155CE902-56A6-4163-95E6-4F392ADF4DED}
	EndGlobalSection
EndGlobal
